
Microsoft Visual Studio Solution File, Format Version 12.00
# Visual Studio Version 17
VisualStudioVersion = 17.0.32126.317
MinimumVisualStudioVersion = 10.0.40219.1
Project("{FAE04EC0-301F-11D3-BF4B-00C04F79EFBC}") = "ShortestRouteCalculator", "ShortestRouteCalculator\ShortestRouteCalculator.csproj", "{90D16ED9-3238-41AE-8C8A-947490038492}"
EndProject
Global
	GlobalSection(SolutionConfigurationPlatforms) = preSolution
		Debug|Any CPU = Debug|Any CPU
		Release|Any CPU = Release|Any CPU
	EndGlobalSection
	GlobalSection(ProjectConfigurationPlatforms) = postSolution
		{90D16ED9-3238-41AE-8C8A-947490038492}.Debug|Any CPU.ActiveCfg = Debug|Any CPU
		{90D16ED9-3238-41AE-8C8A-947490038492}.Debug|Any CPU.Build.0 = Debug|Any CPU
		{90D16ED9-3238-41AE-8C8A-947490038492}.Release|Any CPU.ActiveCfg = Release|Any CPU
		{90D16ED9-3238-41AE-8C8A-947490038492}.Release|Any CPU.Build.0 = Release|Any CPU
	EndGlobalSection
	GlobalSection(SolutionProperties) = preSolution
		HideSolutionNode = FALSE
	EndGlobalSection
	GlobalSection(ExtensibilityGlobals) = postSolution
		SolutionGuid = {9AE4E128-9A7B-4269-8DEA-7249079AFB01}
	EndGlobalSection
EndGlobal
